// !$*UTF8*$!
{
	archiveVersion = 1;
	classes = {
	};
	objectVersion = 46;
	objects = {

/* Begin PBXBuildFile section */
		8E1D08261BFC09CF0002322F /* To-Do.txt in Resources */ = {isa = PBXBuildFile; fileRef = 8E1D08251BFC09CF0002322F /* To-Do.txt */; };
		8E4CD5AF1B855BE00016739B /* AppDelegate.swift in Sources */ = {isa = PBXBuildFile; fileRef = 8E4CD5AE1B855BE00016739B /* AppDelegate.swift */; };
		8E4CD5B11B855BE00016739B /* ViewController.swift in Sources */ = {isa = PBXBuildFile; fileRef = 8E4CD5B01B855BE00016739B /* ViewController.swift */; };
		8E4CD5B41B855BE00016739B /* Main.storyboard in Resources */ = {isa = PBXBuildFile; fileRef = 8E4CD5B21B855BE00016739B /* Main.storyboard */; };
		8E4CD5B61B855BE00016739B /* Images.xcassets in Resources */ = {isa = PBXBuildFile; fileRef = 8E4CD5B51B855BE00016739B /* Images.xcassets */; };
		8E4CD5B91B855BE00016739B /* LaunchScreen.xib in Resources */ = {isa = PBXBuildFile; fileRef = 8E4CD5B71B855BE00016739B /* LaunchScreen.xib */; };
		8E4CD5C51B855BE00016739B /* LightsOutTests.swift in Sources */ = {isa = PBXBuildFile; fileRef = 8E4CD5C41B855BE00016739B /* LightsOutTests.swift */; };
		8E4CD5CF1B855CDA0016739B /* LightsOutView.swift in Sources */ = {isa = PBXBuildFile; fileRef = 8E4CD5CE1B855CDA0016739B /* LightsOutView.swift */; };
		8E5C35511C572F1E00C9C40F /* AVFoundation.framework in Frameworks */ = {isa = PBXBuildFile; fileRef = 8E5C35501C572F1E00C9C40F /* AVFoundation.framework */; };
		8E73A0231C5712B000DB2FD5 /* LOZ_Arrow.wav in Resources */ = {isa = PBXBuildFile; fileRef = 8E73A0081C5712B000DB2FD5 /* LOZ_Arrow.wav */; };
		8E73A0241C5712B000DB2FD5 /* LOZ_Bomb_Blow.wav in Resources */ = {isa = PBXBuildFile; fileRef = 8E73A0091C5712B000DB2FD5 /* LOZ_Bomb_Blow.wav */; };
		8E73A0251C5712B000DB2FD5 /* LOZ_Bomb_Drop.wav in Resources */ = {isa = PBXBuildFile; fileRef = 8E73A00A1C5712B000DB2FD5 /* LOZ_Bomb_Drop.wav */; };
		8E73A0261C5712B000DB2FD5 /* LOZ_Boomerang.wav in Resources */ = {isa = PBXBuildFile; fileRef = 8E73A00B1C5712B000DB2FD5 /* LOZ_Boomerang.wav */; };
		8E73A0271C5712B000DB2FD5 /* LOZ_Boss_Scream1.wav in Resources */ = {isa = PBXBuildFile; fileRef = 8E73A00C1C5712B000DB2FD5 /* LOZ_Boss_Scream1.wav */; };
		8E73A0281C5712B000DB2FD5 /* LOZ_Boss_Scream2.wav in Resources */ = {isa = PBXBuildFile; fileRef = 8E73A00D1C5712B000DB2FD5 /* LOZ_Boss_Scream2.wav */; };
		8E73A0291C5712B000DB2FD5 /* LOZ_Candle.wav in Resources */ = {isa = PBXBuildFile; fileRef = 8E73A00E1C5712B000DB2FD5 /* LOZ_Candle.wav */; };
		8E73A02A1C5712B000DB2FD5 /* LOZ_Die.wav in Resources */ = {isa = PBXBuildFile; fileRef = 8E73A00F1C5712B000DB2FD5 /* LOZ_Die.wav */; };
		8E73A02B1C5712B000DB2FD5 /* LOZ_Fanfare.wav in Resources */ = {isa = PBXBuildFile; fileRef = 8E73A0101C5712B000DB2FD5 /* LOZ_Fanfare.wav */; };
		8E73A02C1C5712B000DB2FD5 /* LOZ_Get_Heart.wav in Resources */ = {isa = PBXBuildFile; fileRef = 8E73A0111C5712B000DB2FD5 /* LOZ_Get_Heart.wav */; };
		8E73A02D1C5712B000DB2FD5 /* LOZ_Get_Item.wav in Resources */ = {isa = PBXBuildFile; fileRef = 8E73A0121C5712B000DB2FD5 /* LOZ_Get_Item.wav */; };
		8E73A02E1C5712B000DB2FD5 /* LOZ_Get_Rupee.wav in Resources */ = {isa = PBXBuildFile; fileRef = 8E73A0131C5712B000DB2FD5 /* LOZ_Get_Rupee.wav */; };
		8E73A02F1C5712B000DB2FD5 /* LOZ_Hit.wav in Resources */ = {isa = PBXBuildFile; fileRef = 8E73A0141C5712B000DB2FD5 /* LOZ_Hit.wav */; };
		8E73A0301C5712B000DB2FD5 /* LOZ_Hurt.wav in Resources */ = {isa = PBXBuildFile; fileRef = 8E73A0151C5712B000DB2FD5 /* LOZ_Hurt.wav */; };
		8E73A0311C5712B000DB2FD5 /* LOZ_Key.wav in Resources */ = {isa = PBXBuildFile; fileRef = 8E73A0161C5712B000DB2FD5 /* LOZ_Key.wav */; };
		8E73A0321C5712B000DB2FD5 /* LOZ_Kill.wav in Resources */ = {isa = PBXBuildFile; fileRef = 8E73A0171C5712B000DB2FD5 /* LOZ_Kill.wav */; };
		8E73A0331C5712B000DB2FD5 /* LOZ_LowHealth.wav in Resources */ = {isa = PBXBuildFile; fileRef = 8E73A0181C5712B000DB2FD5 /* LOZ_LowHealth.wav */; };
		8E73A0341C5712B000DB2FD5 /* LOZ_MagicalRod.wav in Resources */ = {isa = PBXBuildFile; fileRef = 8E73A0191C5712B000DB2FD5 /* LOZ_MagicalRod.wav */; };
		8E73A0351C5712B000DB2FD5 /* LOZ_Recorder.wav in Resources */ = {isa = PBXBuildFile; fileRef = 8E73A01A1C5712B000DB2FD5 /* LOZ_Recorder.wav */; };
		8E73A0361C5712B000DB2FD5 /* LOZ_Secret.wav in Resources */ = {isa = PBXBuildFile; fileRef = 8E73A01B1C5712B000DB2FD5 /* LOZ_Secret.wav */; };
		8E73A0371C5712B000DB2FD5 /* LOZ_Shield.wav in Resources */ = {isa = PBXBuildFile; fileRef = 8E73A01C1C5712B000DB2FD5 /* LOZ_Shield.wav */; };
		8E73A0381C5712B000DB2FD5 /* LOZ_Stairs.wav in Resources */ = {isa = PBXBuildFile; fileRef = 8E73A01D1C5712B000DB2FD5 /* LOZ_Stairs.wav */; };
		8E73A0391C5712B000DB2FD5 /* LOZ_Sword.wav in Resources */ = {isa = PBXBuildFile; fileRef = 8E73A01E1C5712B000DB2FD5 /* LOZ_Sword.wav */; };
		8E73A03A1C5712B000DB2FD5 /* LOZ_Sword_Combined.wav in Resources */ = {isa = PBXBuildFile; fileRef = 8E73A01F1C5712B000DB2FD5 /* LOZ_Sword_Combined.wav */; };
		8E73A03B1C5712B000DB2FD5 /* LOZ_Sword_Shoot.wav in Resources */ = {isa = PBXBuildFile; fileRef = 8E73A0201C5712B000DB2FD5 /* LOZ_Sword_Shoot.wav */; };
		8E73A03C1C5712B000DB2FD5 /* LOZ_Text.wav in Resources */ = {isa = PBXBuildFile; fileRef = 8E73A0211C5712B000DB2FD5 /* LOZ_Text.wav */; };
		8E73A03D1C5712B000DB2FD5 /* LOZ_Unlock.wav in Resources */ = {isa = PBXBuildFile; fileRef = 8E73A0221C5712B000DB2FD5 /* LOZ_Unlock.wav */; };
		8E8105281BCDE80A00319B89 /* LightsOutGame.swift in Sources */ = {isa = PBXBuildFile; fileRef = 8E8105271BCDE80A00319B89 /* LightsOutGame.swift */; };
		8ED0D5791C5905A30079B86E /* LOZ_Sword.wav in Resources */ = {isa = PBXBuildFile; fileRef = 8E73A01E1C5712B000DB2FD5 /* LOZ_Sword.wav */; };
		8ED0D57A1C5905A30079B86E /* LOZ_Arrow.wav in Resources */ = {isa = PBXBuildFile; fileRef = 8E73A0081C5712B000DB2FD5 /* LOZ_Arrow.wav */; };
		8ED0D57B1C5905A30079B86E /* LOZ_Bomb_Blow.wav in Resources */ = {isa = PBXBuildFile; fileRef = 8E73A0091C5712B000DB2FD5 /* LOZ_Bomb_Blow.wav */; };
		8ED0D57C1C5905A30079B86E /* LOZ_Bomb_Drop.wav in Resources */ = {isa = PBXBuildFile; fileRef = 8E73A00A1C5712B000DB2FD5 /* LOZ_Bomb_Drop.wav */; };
		8ED0D57D1C5905A30079B86E /* LOZ_Boomerang.wav in Resources */ = {isa = PBXBuildFile; fileRef = 8E73A00B1C5712B000DB2FD5 /* LOZ_Boomerang.wav */; };
		8ED0D57E1C5905A30079B86E /* LOZ_Boss_Scream1.wav in Resources */ = {isa = PBXBuildFile; fileRef = 8E73A00C1C5712B000DB2FD5 /* LOZ_Boss_Scream1.wav */; };
		8ED0D57F1C5905A30079B86E /* LOZ_Boss_Scream2.wav in Resources */ = {isa = PBXBuildFile; fileRef = 8E73A00D1C5712B000DB2FD5 /* LOZ_Boss_Scream2.wav */; };
		8ED0D5801C5905A30079B86E /* LOZ_Candle.wav in Resources */ = {isa = PBXBuildFile; fileRef = 8E73A00E1C5712B000DB2FD5 /* LOZ_Candle.wav */; };
		8ED0D5811C5905A30079B86E /* LOZ_Die.wav in Resources */ = {isa = PBXBuildFile; fileRef = 8E73A00F1C5712B000DB2FD5 /* LOZ_Die.wav */; };
		8ED0D5821C5905A30079B86E /* LOZ_Fanfare.wav in Resources */ = {isa = PBXBuildFile; fileRef = 8E73A0101C5712B000DB2FD5 /* LOZ_Fanfare.wav */; };
		8ED0D5831C5905A30079B86E /* LOZ_Get_Heart.wav in Resources */ = {isa = PBXBuildFile; fileRef = 8E73A0111C5712B000DB2FD5 /* LOZ_Get_Heart.wav */; };
		8ED0D5841C5905A30079B86E /* LOZ_Get_Item.wav in Resources */ = {isa = PBXBuildFile; fileRef = 8E73A0121C5712B000DB2FD5 /* LOZ_Get_Item.wav */; };
		8ED0D5851C5905A30079B86E /* LOZ_Get_Rupee.wav in Resources */ = {isa = PBXBuildFile; fileRef = 8E73A0131C5712B000DB2FD5 /* LOZ_Get_Rupee.wav */; };
		8ED0D5861C5905A30079B86E /* LOZ_Hit.wav in Resources */ = {isa = PBXBuildFile; fileRef = 8E73A0141C5712B000DB2FD5 /* LOZ_Hit.wav */; };
		8ED0D5871C5905A30079B86E /* LOZ_Hurt.wav in Resources */ = {isa = PBXBuildFile; fileRef = 8E73A0151C5712B000DB2FD5 /* LOZ_Hurt.wav */; };
		8ED0D5881C5905A30079B86E /* LOZ_Key.wav in Resources */ = {isa = PBXBuildFile; fileRef = 8E73A0161C5712B000DB2FD5 /* LOZ_Key.wav */; };
		8ED0D5891C5905A30079B86E /* LOZ_Kill.wav in Resources */ = {isa = PBXBuildFile; fileRef = 8E73A0171C5712B000DB2FD5 /* LOZ_Kill.wav */; };
		8ED0D58A1C5905A30079B86E /* LOZ_LowHealth.wav in Resources */ = {isa = PBXBuildFile; fileRef = 8E73A0181C5712B000DB2FD5 /* LOZ_LowHealth.wav */; };
		8ED0D58B1C5905A30079B86E /* LOZ_MagicalRod.wav in Resources */ = {isa = PBXBuildFile; fileRef = 8E73A0191C5712B000DB2FD5 /* LOZ_MagicalRod.wav */; };
		8ED0D58C1C5905A30079B86E /* LOZ_Recorder.wav in Resources */ = {isa = PBXBuildFile; fileRef = 8E73A01A1C5712B000DB2FD5 /* LOZ_Recorder.wav */; };
		8ED0D58D1C5905A30079B86E /* LOZ_Secret.wav in Resources */ = {isa = PBXBuildFile; fileRef = 8E73A01B1C5712B000DB2FD5 /* LOZ_Secret.wav */; };
		8ED0D58E1C5905A30079B86E /* LOZ_Shield.wav in Resources */ = {isa = PBXBuildFile; fileRef = 8E73A01C1C5712B000DB2FD5 /* LOZ_Shield.wav */; };
		8ED0D58F1C5905A30079B86E /* LOZ_Stairs.wav in Resources */ = {isa = PBXBuildFile; fileRef = 8E73A01D1C5712B000DB2FD5 /* LOZ_Stairs.wav */; };
		8ED0D5901C5905A30079B86E /* LOZ_Sword_Combined.wav in Resources */ = {isa = PBXBuildFile; fileRef = 8E73A01F1C5712B000DB2FD5 /* LOZ_Sword_Combined.wav */; };
		8ED0D5911C5905A30079B86E /* LOZ_Sword_Shoot.wav in Resources */ = {isa = PBXBuildFile; fileRef = 8E73A0201C5712B000DB2FD5 /* LOZ_Sword_Shoot.wav */; };
		8ED0D5921C5905A30079B86E /* LOZ_Text.wav in Resources */ = {isa = PBXBuildFile; fileRef = 8E73A0211C5712B000DB2FD5 /* LOZ_Text.wav */; };
		8ED0D5931C5905A30079B86E /* LOZ_Unlock.wav in Resources */ = {isa = PBXBuildFile; fileRef = 8E73A0221C5712B000DB2FD5 /* LOZ_Unlock.wav */; };
/* End PBXBuildFile section */

/* Begin PBXContainerItemProxy section */
		8E4CD5BF1B855BE00016739B /* PBXContainerItemProxy */ = {
			isa = PBXContainerItemProxy;
			containerPortal = 8E4CD5A11B855BE00016739B /* Project object */;
			proxyType = 1;
			remoteGlobalIDString = 8E4CD5A81B855BE00016739B;
			remoteInfo = LightsOut;
		};
/* End PBXContainerItemProxy section */

/* Begin PBXFileReference section */
		8E1D08251BFC09CF0002322F /* To-Do.txt */ = {isa = PBXFileReference; fileEncoding = 4; lastKnownFileType = text; path = "To-Do.txt"; sourceTree = "<group>"; };
		8E4CD5A91B855BE00016739B /* LightsOut.app */ = {isa = PBXFileReference; explicitFileType = wrapper.application; includeInIndex = 0; path = LightsOut.app; sourceTree = BUILT_PRODUCTS_DIR; };
		8E4CD5AD1B855BE00016739B /* Info.plist */ = {isa = PBXFileReference; lastKnownFileType = text.plist.xml; path = Info.plist; sourceTree = "<group>"; };
		8E4CD5AE1B855BE00016739B /* AppDelegate.swift */ = {isa = PBXFileReference; lastKnownFileType = sourcecode.swift; path = AppDelegate.swift; sourceTree = "<group>"; };
		8E4CD5B01B855BE00016739B /* ViewController.swift */ = {isa = PBXFileReference; lastKnownFileType = sourcecode.swift; path = ViewController.swift; sourceTree = "<group>"; };
		8E4CD5B31B855BE00016739B /* Base */ = {isa = PBXFileReference; lastKnownFileType = file.storyboard; name = Base; path = Base.lproj/Main.storyboard; sourceTree = "<group>"; };
		8E4CD5B51B855BE00016739B /* Images.xcassets */ = {isa = PBXFileReference; lastKnownFileType = folder.assetcatalog; path = Images.xcassets; sourceTree = "<group>"; };
		8E4CD5B81B855BE00016739B /* Base */ = {isa = PBXFileReference; lastKnownFileType = file.xib; name = Base; path = Base.lproj/LaunchScreen.xib; sourceTree = "<group>"; };
		8E4CD5BE1B855BE00016739B /* LightsOutTests.xctest */ = {isa = PBXFileReference; explicitFileType = wrapper.cfbundle; includeInIndex = 0; path = LightsOutTests.xctest; sourceTree = BUILT_PRODUCTS_DIR; };
		8E4CD5C31B855BE00016739B /* Info.plist */ = {isa = PBXFileReference; lastKnownFileType = text.plist.xml; path = Info.plist; sourceTree = "<group>"; };
		8E4CD5C41B855BE00016739B /* LightsOutTests.swift */ = {isa = PBXFileReference; lastKnownFileType = sourcecode.swift; path = LightsOutTests.swift; sourceTree = "<group>"; };
		8E4CD5CE1B855CDA0016739B /* LightsOutView.swift */ = {isa = PBXFileReference; fileEncoding = 4; lastKnownFileType = sourcecode.swift; path = LightsOutView.swift; sourceTree = "<group>"; };
		8E5C35501C572F1E00C9C40F /* AVFoundation.framework */ = {isa = PBXFileReference; lastKnownFileType = wrapper.framework; name = AVFoundation.framework; path = System/Library/Frameworks/AVFoundation.framework; sourceTree = SDKROOT; };
		8E73A0081C5712B000DB2FD5 /* LOZ_Arrow.wav */ = {isa = PBXFileReference; lastKnownFileType = audio.wav; path = LOZ_Arrow.wav; sourceTree = "<group>"; };
		8E73A0091C5712B000DB2FD5 /* LOZ_Bomb_Blow.wav */ = {isa = PBXFileReference; lastKnownFileType = audio.wav; path = LOZ_Bomb_Blow.wav; sourceTree = "<group>"; };
		8E73A00A1C5712B000DB2FD5 /* LOZ_Bomb_Drop.wav */ = {isa = PBXFileReference; lastKnownFileType = audio.wav; path = LOZ_Bomb_Drop.wav; sourceTree = "<group>"; };
		8E73A00B1C5712B000DB2FD5 /* LOZ_Boomerang.wav */ = {isa = PBXFileReference; lastKnownFileType = audio.wav; path = LOZ_Boomerang.wav; sourceTree = "<group>"; };
		8E73A00C1C5712B000DB2FD5 /* LOZ_Boss_Scream1.wav */ = {isa = PBXFileReference; lastKnownFileType = audio.wav; path = LOZ_Boss_Scream1.wav; sourceTree = "<group>"; };
		8E73A00D1C5712B000DB2FD5 /* LOZ_Boss_Scream2.wav */ = {isa = PBXFileReference; lastKnownFileType = audio.wav; path = LOZ_Boss_Scream2.wav; sourceTree = "<group>"; };
		8E73A00E1C5712B000DB2FD5 /* LOZ_Candle.wav */ = {isa = PBXFileReference; lastKnownFileType = audio.wav; path = LOZ_Candle.wav; sourceTree = "<group>"; };
		8E73A00F1C5712B000DB2FD5 /* LOZ_Die.wav */ = {isa = PBXFileReference; lastKnownFileType = audio.wav; path = LOZ_Die.wav; sourceTree = "<group>"; };
		8E73A0101C5712B000DB2FD5 /* LOZ_Fanfare.wav */ = {isa = PBXFileReference; lastKnownFileType = audio.wav; path = LOZ_Fanfare.wav; sourceTree = "<group>"; };
		8E73A0111C5712B000DB2FD5 /* LOZ_Get_Heart.wav */ = {isa = PBXFileReference; lastKnownFileType = audio.wav; path = LOZ_Get_Heart.wav; sourceTree = "<group>"; };
		8E73A0121C5712B000DB2FD5 /* LOZ_Get_Item.wav */ = {isa = PBXFileReference; lastKnownFileType = audio.wav; path = LOZ_Get_Item.wav; sourceTree = "<group>"; };
		8E73A0131C5712B000DB2FD5 /* LOZ_Get_Rupee.wav */ = {isa = PBXFileReference; lastKnownFileType = audio.wav; path = LOZ_Get_Rupee.wav; sourceTree = "<group>"; };
		8E73A0141C5712B000DB2FD5 /* LOZ_Hit.wav */ = {isa = PBXFileReference; lastKnownFileType = audio.wav; path = LOZ_Hit.wav; sourceTree = "<group>"; };
		8E73A0151C5712B000DB2FD5 /* LOZ_Hurt.wav */ = {isa = PBXFileReference; lastKnownFileType = audio.wav; path = LOZ_Hurt.wav; sourceTree = "<group>"; };
		8E73A0161C5712B000DB2FD5 /* LOZ_Key.wav */ = {isa = PBXFileReference; lastKnownFileType = audio.wav; path = LOZ_Key.wav; sourceTree = "<group>"; };
		8E73A0171C5712B000DB2FD5 /* LOZ_Kill.wav */ = {isa = PBXFileReference; lastKnownFileType = audio.wav; path = LOZ_Kill.wav; sourceTree = "<group>"; };
		8E73A0181C5712B000DB2FD5 /* LOZ_LowHealth.wav */ = {isa = PBXFileReference; lastKnownFileType = audio.wav; path = LOZ_LowHealth.wav; sourceTree = "<group>"; };
		8E73A0191C5712B000DB2FD5 /* LOZ_MagicalRod.wav */ = {isa = PBXFileReference; lastKnownFileType = audio.wav; path = LOZ_MagicalRod.wav; sourceTree = "<group>"; };
		8E73A01A1C5712B000DB2FD5 /* LOZ_Recorder.wav */ = {isa = PBXFileReference; lastKnownFileType = audio.wav; path = LOZ_Recorder.wav; sourceTree = "<group>"; };
		8E73A01B1C5712B000DB2FD5 /* LOZ_Secret.wav */ = {isa = PBXFileReference; lastKnownFileType = audio.wav; path = LOZ_Secret.wav; sourceTree = "<group>"; };
		8E73A01C1C5712B000DB2FD5 /* LOZ_Shield.wav */ = {isa = PBXFileReference; lastKnownFileType = audio.wav; path = LOZ_Shield.wav; sourceTree = "<group>"; };
		8E73A01D1C5712B000DB2FD5 /* LOZ_Stairs.wav */ = {isa = PBXFileReference; lastKnownFileType = audio.wav; path = LOZ_Stairs.wav; sourceTree = "<group>"; };
		8E73A01E1C5712B000DB2FD5 /* LOZ_Sword.wav */ = {isa = PBXFileReference; lastKnownFileType = audio.wav; name = LOZ_Sword.wav; path = LightsOutTests/LOZ/LOZ_Sword.wav; sourceTree = SOURCE_ROOT; };
		8E73A01F1C5712B000DB2FD5 /* LOZ_Sword_Combined.wav */ = {isa = PBXFileReference; lastKnownFileType = audio.wav; path = LOZ_Sword_Combined.wav; sourceTree = "<group>"; };
		8E73A0201C5712B000DB2FD5 /* LOZ_Sword_Shoot.wav */ = {isa = PBXFileReference; lastKnownFileType = audio.wav; path = LOZ_Sword_Shoot.wav; sourceTree = "<group>"; };
		8E73A0211C5712B000DB2FD5 /* LOZ_Text.wav */ = {isa = PBXFileReference; lastKnownFileType = audio.wav; path = LOZ_Text.wav; sourceTree = "<group>"; };
		8E73A0221C5712B000DB2FD5 /* LOZ_Unlock.wav */ = {isa = PBXFileReference; lastKnownFileType = audio.wav; path = LOZ_Unlock.wav; sourceTree = "<group>"; };
		8E8105271BCDE80A00319B89 /* LightsOutGame.swift */ = {isa = PBXFileReference; fileEncoding = 4; lastKnownFileType = sourcecode.swift; path = LightsOutGame.swift; sourceTree = "<group>"; };
		8EBE44271C28E5C6008A4836 /* LightsOut.entitlements */ = {isa = PBXFileReference; lastKnownFileType = text.xml; path = LightsOut.entitlements; sourceTree = "<group>"; };
/* End PBXFileReference section */

/* Begin PBXFrameworksBuildPhase section */
		8E4CD5A61B855BE00016739B /* Frameworks */ = {
			isa = PBXFrameworksBuildPhase;
			buildActionMask = 2147483647;
			files = (
				8E5C35511C572F1E00C9C40F /* AVFoundation.framework in Frameworks */,
			);
			runOnlyForDeploymentPostprocessing = 0;
		};
		8E4CD5BB1B855BE00016739B /* Frameworks */ = {
			isa = PBXFrameworksBuildPhase;
			buildActionMask = 2147483647;
			files = (
			);
			runOnlyForDeploymentPostprocessing = 0;
		};
/* End PBXFrameworksBuildPhase section */

/* Begin PBXGroup section */
		8E4CD5A01B855BE00016739B = {
			isa = PBXGroup;
			children = (
				8E5C35501C572F1E00C9C40F /* AVFoundation.framework */,
				8E4CD5AB1B855BE00016739B /* LightsOut */,
				8E4CD5C11B855BE00016739B /* LightsOutTests */,
				8E4CD5AA1B855BE00016739B /* Products */,
			);
			sourceTree = "<group>";
		};
		8E4CD5AA1B855BE00016739B /* Products */ = {
			isa = PBXGroup;
			children = (
				8E4CD5A91B855BE00016739B /* LightsOut.app */,
				8E4CD5BE1B855BE00016739B /* LightsOutTests.xctest */,
			);
			name = Products;
			sourceTree = "<group>";
		};
		8E4CD5AB1B855BE00016739B /* LightsOut */ = {
			isa = PBXGroup;
			children = (
				8EBE44271C28E5C6008A4836 /* LightsOut.entitlements */,
				8E4CD5AE1B855BE00016739B /* AppDelegate.swift */,
				8E4CD5B01B855BE00016739B /* ViewController.swift */,
				8E4CD5B21B855BE00016739B /* Main.storyboard */,
				8E8105271BCDE80A00319B89 /* LightsOutGame.swift */,
				8E4CD5CE1B855CDA0016739B /* LightsOutView.swift */,
				8E4CD5B51B855BE00016739B /* Images.xcassets */,
				8E4CD5B71B855BE00016739B /* LaunchScreen.xib */,
				8E4CD5AC1B855BE00016739B /* Supporting Files */,
				8E1D08251BFC09CF0002322F /* To-Do.txt */,
			);
			path = LightsOut;
			sourceTree = "<group>";
		};
		8E4CD5AC1B855BE00016739B /* Supporting Files */ = {
			isa = PBXGroup;
			children = (
				8E73A0071C5712B000DB2FD5 /* LOZ */,
				8E4CD5AD1B855BE00016739B /* Info.plist */,
			);
			name = "Supporting Files";
			sourceTree = "<group>";
		};
		8E4CD5C11B855BE00016739B /* LightsOutTests */ = {
			isa = PBXGroup;
			children = (
				8E4CD5C41B855BE00016739B /* LightsOutTests.swift */,
				8E4CD5C21B855BE00016739B /* Supporting Files */,
			);
			path = LightsOutTests;
			sourceTree = "<group>";
		};
		8E4CD5C21B855BE00016739B /* Supporting Files */ = {
			isa = PBXGroup;
			children = (
				8E4CD5C31B855BE00016739B /* Info.plist */,
			);
			name = "Supporting Files";
			sourceTree = "<group>";
		};
		8E73A0071C5712B000DB2FD5 /* LOZ */ = {
			isa = PBXGroup;
			children = (
				8E73A01E1C5712B000DB2FD5 /* LOZ_Sword.wav */,
				8E73A0081C5712B000DB2FD5 /* LOZ_Arrow.wav */,
				8E73A0091C5712B000DB2FD5 /* LOZ_Bomb_Blow.wav */,
				8E73A00A1C5712B000DB2FD5 /* LOZ_Bomb_Drop.wav */,
				8E73A00B1C5712B000DB2FD5 /* LOZ_Boomerang.wav */,
				8E73A00C1C5712B000DB2FD5 /* LOZ_Boss_Scream1.wav */,
				8E73A00D1C5712B000DB2FD5 /* LOZ_Boss_Scream2.wav */,
				8E73A00E1C5712B000DB2FD5 /* LOZ_Candle.wav */,
				8E73A00F1C5712B000DB2FD5 /* LOZ_Die.wav */,
				8E73A0101C5712B000DB2FD5 /* LOZ_Fanfare.wav */,
				8E73A0111C5712B000DB2FD5 /* LOZ_Get_Heart.wav */,
				8E73A0121C5712B000DB2FD5 /* LOZ_Get_Item.wav */,
				8E73A0131C5712B000DB2FD5 /* LOZ_Get_Rupee.wav */,
				8E73A0141C5712B000DB2FD5 /* LOZ_Hit.wav */,
				8E73A0151C5712B000DB2FD5 /* LOZ_Hurt.wav */,
				8E73A0161C5712B000DB2FD5 /* LOZ_Key.wav */,
				8E73A0171C5712B000DB2FD5 /* LOZ_Kill.wav */,
				8E73A0181C5712B000DB2FD5 /* LOZ_LowHealth.wav */,
				8E73A0191C5712B000DB2FD5 /* LOZ_MagicalRod.wav */,
				8E73A01A1C5712B000DB2FD5 /* LOZ_Recorder.wav */,
				8E73A01B1C5712B000DB2FD5 /* LOZ_Secret.wav */,
				8E73A01C1C5712B000DB2FD5 /* LOZ_Shield.wav */,
				8E73A01D1C5712B000DB2FD5 /* LOZ_Stairs.wav */,
				8E73A01F1C5712B000DB2FD5 /* LOZ_Sword_Combined.wav */,
				8E73A0201C5712B000DB2FD5 /* LOZ_Sword_Shoot.wav */,
				8E73A0211C5712B000DB2FD5 /* LOZ_Text.wav */,
				8E73A0221C5712B000DB2FD5 /* LOZ_Unlock.wav */,
			);
			name = LOZ;
			path = LightsOutTests/LOZ;
			sourceTree = SOURCE_ROOT;
		};
/* End PBXGroup section */

/* Begin PBXNativeTarget section */
		8E4CD5A81B855BE00016739B /* LightsOut */ = {
			isa = PBXNativeTarget;
			buildConfigurationList = 8E4CD5C81B855BE00016739B /* Build configuration list for PBXNativeTarget "LightsOut" */;
			buildPhases = (
				8E4CD5A51B855BE00016739B /* Sources */,
				8E4CD5A61B855BE00016739B /* Frameworks */,
				8E4CD5A71B855BE00016739B /* Resources */,
			);
			buildRules = (
			);
			dependencies = (
			);
			name = LightsOut;
			productName = LightsOut;
			productReference = 8E4CD5A91B855BE00016739B /* LightsOut.app */;
			productType = "com.apple.product-type.application";
		};
		8E4CD5BD1B855BE00016739B /* LightsOutTests */ = {
			isa = PBXNativeTarget;
			buildConfigurationList = 8E4CD5CB1B855BE00016739B /* Build configuration list for PBXNativeTarget "LightsOutTests" */;
			buildPhases = (
				8E4CD5BA1B855BE00016739B /* Sources */,
				8E4CD5BB1B855BE00016739B /* Frameworks */,
				8E4CD5BC1B855BE00016739B /* Resources */,
			);
			buildRules = (
			);
			dependencies = (
				8E4CD5C01B855BE00016739B /* PBXTargetDependency */,
			);
			name = LightsOutTests;
			productName = LightsOutTests;
			productReference = 8E4CD5BE1B855BE00016739B /* LightsOutTests.xctest */;
			productType = "com.apple.product-type.bundle.unit-test";
		};
/* End PBXNativeTarget section */

/* Begin PBXProject section */
		8E4CD5A11B855BE00016739B /* Project object */ = {
			isa = PBXProject;
			attributes = {
				LastSwiftUpdateCheck = 0700;
				LastUpgradeCheck = 0710;
				ORGANIZATIONNAME = "Blaine Wilson";
				TargetAttributes = {
					8E4CD5A81B855BE00016739B = {
						CreatedOnToolsVersion = 6.4;
						DevelopmentTeam = CNCDUB33GL;
						SystemCapabilities = {
							com.apple.iCloud = {
								enabled = 1;
							};
						};
					};
					8E4CD5BD1B855BE00016739B = {
						CreatedOnToolsVersion = 6.4;
						TestTargetID = 8E4CD5A81B855BE00016739B;
					};
				};
			};
			buildConfigurationList = 8E4CD5A41B855BE00016739B /* Build configuration list for PBXProject "LightsOut" */;
			compatibilityVersion = "Xcode 3.2";
			developmentRegion = English;
			hasScannedForEncodings = 0;
			knownRegions = (
				en,
				Base,
			);
			mainGroup = 8E4CD5A01B855BE00016739B;
			productRefGroup = 8E4CD5AA1B855BE00016739B /* Products */;
			projectDirPath = "";
			projectRoot = "";
			targets = (
				8E4CD5A81B855BE00016739B /* LightsOut */,
				8E4CD5BD1B855BE00016739B /* LightsOutTests */,
			);
		};
/* End PBXProject section */

/* Begin PBXResourcesBuildPhase section */
		8E4CD5A71B855BE00016739B /* Resources */ = {
			isa = PBXResourcesBuildPhase;
			buildActionMask = 2147483647;
			files = (
				8ED0D58B1C5905A30079B86E /* LOZ_MagicalRod.wav in Resources */,
				8ED0D5881C5905A30079B86E /* LOZ_Key.wav in Resources */,
				8ED0D57A1C5905A30079B86E /* LOZ_Arrow.wav in Resources */,
				8ED0D5921C5905A30079B86E /* LOZ_Text.wav in Resources */,
				8ED0D58D1C5905A30079B86E /* LOZ_Secret.wav in Resources */,
				8ED0D57D1C5905A30079B86E /* LOZ_Boomerang.wav in Resources */,
				8ED0D5821C5905A30079B86E /* LOZ_Fanfare.wav in Resources */,
				8E4CD5B41B855BE00016739B /* Main.storyboard in Resources */,
				8ED0D58C1C5905A30079B86E /* LOZ_Recorder.wav in Resources */,
				8ED0D5891C5905A30079B86E /* LOZ_Kill.wav in Resources */,
				8ED0D5901C5905A30079B86E /* LOZ_Sword_Combined.wav in Resources */,
				8ED0D57F1C5905A30079B86E /* LOZ_Boss_Scream2.wav in Resources */,
				8ED0D57B1C5905A30079B86E /* LOZ_Bomb_Blow.wav in Resources */,
				8ED0D5811C5905A30079B86E /* LOZ_Die.wav in Resources */,
				8ED0D5801C5905A30079B86E /* LOZ_Candle.wav in Resources */,
				8ED0D58E1C5905A30079B86E /* LOZ_Shield.wav in Resources */,
				8ED0D5931C5905A30079B86E /* LOZ_Unlock.wav in Resources */,
				8ED0D57E1C5905A30079B86E /* LOZ_Boss_Scream1.wav in Resources */,
				8ED0D5791C5905A30079B86E /* LOZ_Sword.wav in Resources */,
				8ED0D5861C5905A30079B86E /* LOZ_Hit.wav in Resources */,
				8ED0D5871C5905A30079B86E /* LOZ_Hurt.wav in Resources */,
				8ED0D5911C5905A30079B86E /* LOZ_Sword_Shoot.wav in Resources */,
				8E4CD5B91B855BE00016739B /* LaunchScreen.xib in Resources */,
				8ED0D57C1C5905A30079B86E /* LOZ_Bomb_Drop.wav in Resources */,
				8E1D08261BFC09CF0002322F /* To-Do.txt in Resources */,
				8ED0D5831C5905A30079B86E /* LOZ_Get_Heart.wav in Resources */,
				8ED0D5841C5905A30079B86E /* LOZ_Get_Item.wav in Resources */,
				8ED0D58A1C5905A30079B86E /* LOZ_LowHealth.wav in Resources */,
				8ED0D5851C5905A30079B86E /* LOZ_Get_Rupee.wav in Resources */,
				8ED0D58F1C5905A30079B86E /* LOZ_Stairs.wav in Resources */,
				8E4CD5B61B855BE00016739B /* Images.xcassets in Resources */,
			);
			runOnlyForDeploymentPostprocessing = 0;
		};
		8E4CD5BC1B855BE00016739B /* Resources */ = {
			isa = PBXResourcesBuildPhase;
			buildActionMask = 2147483647;
			files = (
				8E73A0241C5712B000DB2FD5 /* LOZ_Bomb_Blow.wav in Resources */,
				8E73A0391C5712B000DB2FD5 /* LOZ_Sword.wav in Resources */,
				8E73A0301C5712B000DB2FD5 /* LOZ_Hurt.wav in Resources */,
				8E73A0331C5712B000DB2FD5 /* LOZ_LowHealth.wav in Resources */,
				8E73A0281C5712B000DB2FD5 /* LOZ_Boss_Scream2.wav in Resources */,
				8E73A0251C5712B000DB2FD5 /* LOZ_Bomb_Drop.wav in Resources */,
				8E73A02B1C5712B000DB2FD5 /* LOZ_Fanfare.wav in Resources */,
				8E73A03C1C5712B000DB2FD5 /* LOZ_Text.wav in Resources */,
				8E73A0231C5712B000DB2FD5 /* LOZ_Arrow.wav in Resources */,
				8E73A0341C5712B000DB2FD5 /* LOZ_MagicalRod.wav in Resources */,
				8E73A0361C5712B000DB2FD5 /* LOZ_Secret.wav in Resources */,
				8E73A03B1C5712B000DB2FD5 /* LOZ_Sword_Shoot.wav in Resources */,
				8E73A0371C5712B000DB2FD5 /* LOZ_Shield.wav in Resources */,
				8E73A0261C5712B000DB2FD5 /* LOZ_Boomerang.wav in Resources */,
				8E73A02A1C5712B000DB2FD5 /* LOZ_Die.wav in Resources */,
				8E73A0381C5712B000DB2FD5 /* LOZ_Stairs.wav in Resources */,
				8E73A0321C5712B000DB2FD5 /* LOZ_Kill.wav in Resources */,
				8E73A02F1C5712B000DB2FD5 /* LOZ_Hit.wav in Resources */,
				8E73A0271C5712B000DB2FD5 /* LOZ_Boss_Scream1.wav in Resources */,
				8E73A0311C5712B000DB2FD5 /* LOZ_Key.wav in Resources */,
				8E73A0351C5712B000DB2FD5 /* LOZ_Recorder.wav in Resources */,
				8E73A02D1C5712B000DB2FD5 /* LOZ_Get_Item.wav in Resources */,
				8E73A02E1C5712B000DB2FD5 /* LOZ_Get_Rupee.wav in Resources */,
				8E73A03A1C5712B000DB2FD5 /* LOZ_Sword_Combined.wav in Resources */,
				8E73A02C1C5712B000DB2FD5 /* LOZ_Get_Heart.wav in Resources */,
				8E73A03D1C5712B000DB2FD5 /* LOZ_Unlock.wav in Resources */,
				8E73A0291C5712B000DB2FD5 /* LOZ_Candle.wav in Resources */,
			);
			runOnlyForDeploymentPostprocessing = 0;
		};
/* End PBXResourcesBuildPhase section */

/* Begin PBXSourcesBuildPhase section */
		8E4CD5A51B855BE00016739B /* Sources */ = {
			isa = PBXSourcesBuildPhase;
			buildActionMask = 2147483647;
			files = (
				8E4CD5B11B855BE00016739B /* ViewController.swift in Sources */,
				8E4CD5CF1B855CDA0016739B /* LightsOutView.swift in Sources */,
				8E4CD5AF1B855BE00016739B /* AppDelegate.swift in Sources */,
				8E8105281BCDE80A00319B89 /* LightsOutGame.swift in Sources */,
			);
			runOnlyForDeploymentPostprocessing = 0;
		};
		8E4CD5BA1B855BE00016739B /* Sources */ = {
			isa = PBXSourcesBuildPhase;
			buildActionMask = 2147483647;
			files = (
				8E4CD5C51B855BE00016739B /* LightsOutTests.swift in Sources */,
			);
			runOnlyForDeploymentPostprocessing = 0;
		};
/* End PBXSourcesBuildPhase section */

/* Begin PBXTargetDependency section */
		8E4CD5C01B855BE00016739B /* PBXTargetDependency */ = {
			isa = PBXTargetDependency;
			target = 8E4CD5A81B855BE00016739B /* LightsOut */;
			targetProxy = 8E4CD5BF1B855BE00016739B /* PBXContainerItemProxy */;
		};
/* End PBXTargetDependency section */

/* Begin PBXVariantGroup section */
		8E4CD5B21B855BE00016739B /* Main.storyboard */ = {
			isa = PBXVariantGroup;
			children = (
				8E4CD5B31B855BE00016739B /* Base */,
			);
			name = Main.storyboard;
			sourceTree = "<group>";
		};
		8E4CD5B71B855BE00016739B /* LaunchScreen.xib */ = {
			isa = PBXVariantGroup;
			children = (
				8E4CD5B81B855BE00016739B /* Base */,
			);
			name = LaunchScreen.xib;
			sourceTree = "<group>";
		};
/* End PBXVariantGroup section */

/* Begin XCBuildConfiguration section */
		8E4CD5C61B855BE00016739B /* Debug */ = {
			isa = XCBuildConfiguration;
			buildSettings = {
				ALWAYS_SEARCH_USER_PATHS = NO;
				CLANG_CXX_LANGUAGE_STANDARD = "gnu++0x";
				CLANG_CXX_LIBRARY = "libc++";
				CLANG_ENABLE_MODULES = YES;
				CLANG_ENABLE_OBJC_ARC = YES;
				CLANG_WARN_BOOL_CONVERSION = YES;
				CLANG_WARN_CONSTANT_CONVERSION = YES;
				CLANG_WARN_DIRECT_OBJC_ISA_USAGE = YES_ERROR;
				CLANG_WARN_EMPTY_BODY = YES;
				CLANG_WARN_ENUM_CONVERSION = YES;
				CLANG_WARN_INT_CONVERSION = YES;
				CLANG_WARN_OBJC_ROOT_CLASS = YES_ERROR;
				CLANG_WARN_UNREACHABLE_CODE = YES;
				CLANG_WARN__DUPLICATE_METHOD_MATCH = YES;
				"CODE_SIGN_IDENTITY[sdk=iphoneos*]" = "iPhone Developer";
				COPY_PHASE_STRIP = NO;
				DEBUG_INFORMATION_FORMAT = "dwarf-with-dsym";
				ENABLE_STRICT_OBJC_MSGSEND = YES;
				ENABLE_TESTABILITY = YES;
				GCC_C_LANGUAGE_STANDARD = gnu99;
				GCC_DYNAMIC_NO_PIC = NO;
				GCC_NO_COMMON_BLOCKS = YES;
				GCC_OPTIMIZATION_LEVEL = 0;
				GCC_PREPROCESSOR_DEFINITIONS = (
					"DEBUG=1",
					"$(inherited)",
				);
				GCC_SYMBOLS_PRIVATE_EXTERN = NO;
				GCC_WARN_64_TO_32_BIT_CONVERSION = YES;
				GCC_WARN_ABOUT_RETURN_TYPE = YES_ERROR;
				GCC_WARN_UNDECLARED_SELECTOR = YES;
				GCC_WARN_UNINITIALIZED_AUTOS = YES_AGGRESSIVE;
				GCC_WARN_UNUSED_FUNCTION = YES;
				GCC_WARN_UNUSED_VARIABLE = YES;
				IPHONEOS_DEPLOYMENT_TARGET = 9.0;
				MTL_ENABLE_DEBUG_INFO = YES;
				ONLY_ACTIVE_ARCH = YES;
				SDKROOT = iphoneos;
				SWIFT_OPTIMIZATION_LEVEL = "-Onone";
			};
			name = Debug;
		};
		8E4CD5C71B855BE00016739B /* Release */ = {
			isa = XCBuildConfiguration;
			buildSettings = {
				ALWAYS_SEARCH_USER_PATHS = NO;
				CLANG_CXX_LANGUAGE_STANDARD = "gnu++0x";
				CLANG_CXX_LIBRARY = "libc++";
				CLANG_ENABLE_MODULES = YES;
				CLANG_ENABLE_OBJC_ARC = YES;
				CLANG_WARN_BOOL_CONVERSION = YES;
				CLANG_WARN_CONSTANT_CONVERSION = YES;
				CLANG_WARN_DIRECT_OBJC_ISA_USAGE = YES_ERROR;
				CLANG_WARN_EMPTY_BODY = YES;
				CLANG_WARN_ENUM_CONVERSION = YES;
				CLANG_WARN_INT_CONVERSION = YES;
				CLANG_WARN_OBJC_ROOT_CLASS = YES_ERROR;
				CLANG_WARN_UNREACHABLE_CODE = YES;
				CLANG_WARN__DUPLICATE_METHOD_MATCH = YES;
				"CODE_SIGN_IDENTITY[sdk=iphoneos*]" = "iPhone Developer";
				COPY_PHASE_STRIP = NO;
				DEBUG_INFORMATION_FORMAT = "dwarf-with-dsym";
				ENABLE_NS_ASSERTIONS = NO;
				ENABLE_STRICT_OBJC_MSGSEND = YES;
				GCC_C_LANGUAGE_STANDARD = gnu99;
				GCC_NO_COMMON_BLOCKS = YES;
				GCC_WARN_64_TO_32_BIT_CONVERSION = YES;
				GCC_WARN_ABOUT_RETURN_TYPE = YES_ERROR;
				GCC_WARN_UNDECLARED_SELECTOR = YES;
				GCC_WARN_UNINITIALIZED_AUTOS = YES_AGGRESSIVE;
				GCC_WARN_UNUSED_FUNCTION = YES;
				GCC_WARN_UNUSED_VARIABLE = YES;
				IPHONEOS_DEPLOYMENT_TARGET = 9.0;
				MTL_ENABLE_DEBUG_INFO = NO;
				SDKROOT = iphoneos;
				VALIDATE_PRODUCT = YES;
			};
			name = Release;
		};
		8E4CD5C91B855BE00016739B /* Debug */ = {
			isa = XCBuildConfiguration;
			buildSettings = {
				ASSETCATALOG_COMPILER_APPICON_NAME = AppIcon;
				CODE_SIGN_ENTITLEMENTS = LightsOut/LightsOut.entitlements;
				CODE_SIGN_IDENTITY = "";
				"CODE_SIGN_IDENTITY[sdk=iphoneos*]" = "iPhone Developer";
				INFOPLIST_FILE = LightsOut/Info.plist;
				LD_RUNPATH_SEARCH_PATHS = "$(inherited) @executable_path/Frameworks";
				PRODUCT_BUNDLE_IDENTIFIER = "com.blowbackdesigns.$(PRODUCT_NAME:rfc1034identifier)";
				PRODUCT_NAME = "$(TARGET_NAME)";
				PROVISIONING_PROFILE = "";
				TARGETED_DEVICE_FAMILY = "1,2";
			};
			name = Debug;
		};
		8E4CD5CA1B855BE00016739B /* Release */ = {
			isa = XCBuildConfiguration;
			buildSettings = {
				ASSETCATALOG_COMPILER_APPICON_NAME = AppIcon;
				CODE_SIGN_ENTITLEMENTS = LightsOut/LightsOut.entitlements;
				CODE_SIGN_IDENTITY = "iPhone Developer: Blaine Wilson (9U8D5D4846)";
				"CODE_SIGN_IDENTITY[sdk=iphoneos*]" = "iPhone Developer: Blaine Wilson (9U8D5D4846)";
				INFOPLIST_FILE = LightsOut/Info.plist;
				LD_RUNPATH_SEARCH_PATHS = "$(inherited) @executable_path/Frameworks";
				PRODUCT_BUNDLE_IDENTIFIER = "com.blowbackdesigns.$(PRODUCT_NAME:rfc1034identifier)";
				PRODUCT_NAME = "$(TARGET_NAME)";
				PROVISIONING_PROFILE = "";
				TARGETED_DEVICE_FAMILY = "1,2";
			};
			name = Release;
		};
		8E4CD5CC1B855BE00016739B /* Debug */ = {
			isa = XCBuildConfiguration;
			buildSettings = {
				BUNDLE_LOADER = "$(TEST_HOST)";
				GCC_PREPROCESSOR_DEFINITIONS = (
					"DEBUG=1",
					"$(inherited)",
				);
				INFOPLIST_FILE = LightsOutTests/Info.plist;
				LD_RUNPATH_SEARCH_PATHS = "$(inherited) @executable_path/Frameworks @loader_path/Frameworks";
				PRODUCT_BUNDLE_IDENTIFIER = "com.blowbackdesigns.$(PRODUCT_NAME:rfc1034identifier)";
				PRODUCT_NAME = "$(TARGET_NAME)";
				TEST_HOST = "$(BUILT_PRODUCTS_DIR)/LightsOut.app/LightsOut";
			};
			name = Debug;
		};
		8E4CD5CD1B855BE00016739B /* Release */ = {
			isa = XCBuildConfiguration;
			buildSettings = {
				BUNDLE_LOADER = "$(TEST_HOST)";
				INFOPLIST_FILE = LightsOutTests/Info.plist;
				LD_RUNPATH_SEARCH_PATHS = "$(inherited) @executable_path/Frameworks @loader_path/Frameworks";
				PRODUCT_BUNDLE_IDENTIFIER = "com.blowbackdesigns.$(PRODUCT_NAME:rfc1034identifier)";
				PRODUCT_NAME = "$(TARGET_NAME)";
				TEST_HOST = "$(BUILT_PRODUCTS_DIR)/LightsOut.app/LightsOut";
			};
			name = Release;
		};
/* End XCBuildConfiguration section */

/* Begin XCConfigurationList section */
		8E4CD5A41B855BE00016739B /* Build configuration list for PBXProject "LightsOut" */ = {
			isa = XCConfigurationList;
			buildConfigurations = (
				8E4CD5C61B855BE00016739B /* Debug */,
				8E4CD5C71B855BE00016739B /* Release */,
			);
			defaultConfigurationIsVisible = 0;
			defaultConfigurationName = Release;
		};
		8E4CD5C81B855BE00016739B /* Build configuration list for PBXNativeTarget "LightsOut" */ = {
			isa = XCConfigurationList;
			buildConfigurations = (
				8E4CD5C91B855BE00016739B /* Debug */,
				8E4CD5CA1B855BE00016739B /* Release */,
			);
			defaultConfigurationIsVisible = 0;
			defaultConfigurationName = Release;
		};
		8E4CD5CB1B855BE00016739B /* Build configuration list for PBXNativeTarget "LightsOutTests" */ = {
			isa = XCConfigurationList;
			buildConfigurations = (
				8E4CD5CC1B855BE00016739B /* Debug */,
				8E4CD5CD1B855BE00016739B /* Release */,
			);
			defaultConfigurationIsVisible = 0;
			defaultConfigurationName = Release;
		};
/* End XCConfigurationList section */
	};
	rootObject = 8E4CD5A11B855BE00016739B /* Project object */;
}
